
Microsoft Visual Studio Solution File, Format Version 12.00
# Visual Studio Version 17
VisualStudioVersion = 17.0.31903.59
MinimumVisualStudioVersion = 10.0.40219.1
Project("{FAE04EC0-301F-11D3-BF4B-00C04F79EFBC}") = "Calculator.App", "Calculator.App\Calculator.App.csproj", "{63E8F9F1-6308-4103-8518-BC27A54B5BB4}"
EndProject
Global
	GlobalSection(SolutionConfigurationPlatforms) = preSolution
		Debug|Any CPU = Debug|Any CPU
		Release|Any CPU = Release|Any CPU
	EndGlobalSection
	GlobalSection(ProjectConfigurationPlatforms) = postSolution
		{63E8F9F1-6308-4103-8518-BC27A54B5BB4}.Debug|Any CPU.ActiveCfg = Debug|Any CPU
		{63E8F9F1-6308-4103-8518-BC27A54B5BB4}.Debug|Any CPU.Build.0 = Debug|Any CPU
		{63E8F9F1-6308-4103-8518-BC27A54B5BB4}.Release|Any CPU.ActiveCfg = Release|Any CPU
		{63E8F9F1-6308-4103-8518-BC27A54B5BB4}.Release|Any CPU.Build.0 = Release|Any CPU
	EndGlobalSection
	GlobalSection(SolutionProperties) = preSolution
		HideSolutionNode = FALSE
	EndGlobalSection
	GlobalSection(ExtensibilityGlobals) = postSolution
		SolutionGuid = {07799644-C8BA-46DB-8271-A01AF1E440A3}
	EndGlobalSection
EndGlobal
